
Microsoft Visual Studio Solution File, Format Version 12.00
# Visual Studio Version 17
VisualStudioVersion = 17.0.31903.59
MinimumVisualStudioVersion = 10.0.40219.1
Project("{FAE04EC0-301F-11D3-BF4B-00C04F79EFBC}") = "Exercicio1", "Exercicio1\Exercicio1.csproj", "{70D63512-28FF-4D69-BB02-EECAF3FDF206}"
EndProject
Project("{FAE04EC0-301F-11D3-BF4B-00C04F79EFBC}") = "Exercicio1.Test", "Exercicio1.Test\Exercicio1.Test.csproj", "{0C6125D6-F2F7-4FFF-AFA8-A192B275E67A}"
EndProject
Global
	GlobalSection(SolutionConfigurationPlatforms) = preSolution
		Debug|Any CPU = Debug|Any CPU
		Release|Any CPU = Release|Any CPU
	EndGlobalSection
	GlobalSection(ProjectConfigurationPlatforms) = postSolution
		{70D63512-28FF-4D69-BB02-EECAF3FDF206}.Debug|Any CPU.ActiveCfg = Debug|Any CPU
		{70D63512-28FF-4D69-BB02-EECAF3FDF206}.Debug|Any CPU.Build.0 = Debug|Any CPU
		{70D63512-28FF-4D69-BB02-EECAF3FDF206}.Release|Any CPU.ActiveCfg = Release|Any CPU
		{70D63512-28FF-4D69-BB02-EECAF3FDF206}.Release|Any CPU.Build.0 = Release|Any CPU
		{0C6125D6-F2F7-4FFF-AFA8-A192B275E67A}.Debug|Any CPU.ActiveCfg = Debug|Any CPU
		{0C6125D6-F2F7-4FFF-AFA8-A192B275E67A}.Debug|Any CPU.Build.0 = Debug|Any CPU
		{0C6125D6-F2F7-4FFF-AFA8-A192B275E67A}.Release|Any CPU.ActiveCfg = Release|Any CPU
		{0C6125D6-F2F7-4FFF-AFA8-A192B275E67A}.Release|Any CPU.Build.0 = Release|Any CPU
	EndGlobalSection
	GlobalSection(SolutionProperties) = preSolution
		HideSolutionNode = FALSE
	EndGlobalSection
	GlobalSection(ExtensibilityGlobals) = postSolution
		SolutionGuid = {0D77DF0E-CEB2-4CD5-8D0B-6192CD4E9737}
	EndGlobalSection
EndGlobal
